[[package]]
name = "core"
version = "0.1.0"
dependencies = [
 "json 0.11.13 (registry+https://github.com/rust-lang/crates.io-index)",
 "stretch 0.1.11 (registry+https://github.com/rust-lang/crates.io-index)",
]

[[package]]
name = "json"
version = "0.11.13"
source = "registry+https://github.com/rust-lang/crates.io-index"

[[package]]
name = "libm"
version = "0.1.2"
source = "registry+https://github.com/rust-lang/crates.io-index"

[[package]]
name = "stretch"
version = "0.1.11"
source = "registry+https://github.com/rust-lang/crates.io-index"
dependencies = [
 "libm 0.1.2 (registry+https://github.com/rust-lang/crates.io-index)",
]

[metadata]
"checksum json 0.11.13 (registry+https://github.com/rust-lang/crates.io-index)" = "9ad0485404155f45cce53a40d4b2d6ac356418300daed05273d9e26f91c390be"
"checksum libm 0.1.2 (registry+https://github.com/rust-lang/crates.io-index)" = "03c0bb6d5ce1b5cc6fd0578ec1cbc18c9d88b5b591a5c7c1d6c6175e266a0819"
"checksum stretch 0.1.11 (registry+https://github.com/rust-lang/crates.io-index)" = "46e0ddfd852ae73d078b4fdfb2d33bbd4fffd090d06423e1686563219e19f66b"
